{
  "version": 4,
  "terraform_version": "1.6.0",
  "serial": 21,
  "lineage": "ad046117-a564-d20a-abdd-29311841c2d9",
  "outputs": {
    "white_ip": {
      "value": "158.160.24.216",
      "type": "string"
    }
  },
  "resources": [
    {
      "mode": "managed",
      "type": "yandex_compute_instance",
      "name": "vm",
      "provider": "provider[\"registry.terraform.io/yandex-cloud/yandex\"]",
      "instances": [
        {
          "schema_version": 1,
          "attributes": {
            "allow_recreate": null,
            "allow_stopping_for_update": null,
            "boot_disk": [
              {
                "auto_delete": true,
                "device_name": "epdbbs7u80h6v8qjks9f",
                "disk_id": "epdbbs7u80h6v8qjks9f",
                "initialize_params": [
                  {
                    "block_size": 4096,
                    "description": "",
                    "image_id": "fd8il24jjf1hg8d4nq7i",
                    "name": "",
                    "size": 3,
                    "snapshot_id": "",
                    "type": "network-hdd"
                  }
                ],
                "mode": "READ_WRITE"
              }
            ],
            "created_at": "2023-10-22T18:34:38Z",
            "description": "",
            "filesystem": [],
            "folder_id": "b1gc2qgcmi2b4jojgchd",
            "fqdn": "epd1sbcpskvki6nla6dt.auto.internal",
            "gpu_cluster_id": "",
            "hostname": "",
            "id": "epd1sbcpskvki6nla6dt",
            "labels": null,
            "local_disk": [],
            "metadata": {
              "serial-port-enable": "1",
              "user-data": "users:\n  - name: vagrant\n    groups: sudo\n    shell: /bin/bash\n    sudo: ['ALL=(ALL) NOPASSWD:ALL']\n    ssh-authorized-keys:\n      - ssh-rsa AAAAB3NzaC1yc2EAAAADAQABAAABAQDEhr84hiabvu3wz/GELBjddMLMHGOGMOkQ7Dk1b1BUr70Z/jTgnFcyoIhzbezhzMU5L1jSAiPXyO0Rgky/y8VvcENGolvPYWvZWZZXXKN0wz9+5Rkzp+Jix6XacH+ybAgKZF8IQE5liBZkF8NKovqFpSN3QARtOn48v9kiDESFcqYmacGpIdkj4xqzojPK7jBBMUN0A0ZVvn3hmdrsThJBIgNHNHD7TAkwZYxgyBXQ8feBNdK4JYONss8wka0xqP2yGP5xdzuY1WFxSnRnOdvW5oMejA8WPAueNCToM0k08kM82rTdPsvKhPdUat/8CCM7jHNnCPtSeu0jG5fNnaI9\n"
            },
            "metadata_options": [
              {
                "aws_v1_http_endpoint": 1,
                "aws_v1_http_token": 2,
                "gce_http_endpoint": 1,
                "gce_http_token": 1
              }
            ],
            "name": "nginx",
            "network_acceleration_type": "standard",
            "network_interface": [
              {
                "dns_record": [],
                "index": 0,
                "ip_address": "10.2.0.19",
                "ipv4": true,
                "ipv6": false,
                "ipv6_address": "",
                "ipv6_dns_record": [],
                "mac_address": "d0:0d:1e:2d:99:e5",
                "nat": true,
                "nat_dns_record": [],
                "nat_ip_address": "158.160.24.216",
                "nat_ip_version": "IPV4",
                "security_group_ids": [],
                "subnet_id": "e2ln68ib2g9s8di31efn"
              }
            ],
            "placement_policy": [
              {
                "host_affinity_rules": [],
                "placement_group_id": ""
              }
            ],
            "platform_id": "standard-v2",
            "resources": [
              {
                "core_fraction": 5,
                "cores": 2,
                "gpus": 0,
                "memory": 2
              }
            ],
            "scheduling_policy": [
              {
                "preemptible": true
              }
            ],
            "secondary_disk": [],
            "service_account_id": "",
            "status": "running",
            "timeouts": null,
            "zone": "ru-central1-b"
          },
          "sensitive_attributes": [],
          "private": "eyJlMmJmYjczMC1lY2FhLTExZTYtOGY4OC0zNDM2M2JjN2M0YzAiOnsiY3JlYXRlIjozMDAwMDAwMDAwMDAsImRlbGV0ZSI6MzAwMDAwMDAwMDAwLCJ1cGRhdGUiOjMwMDAwMDAwMDAwMH0sInNjaGVtYV92ZXJzaW9uIjoiMSJ9",
          "dependencies": [
            "yandex_vpc_address.myip",
            "yandex_vpc_network.terra",
            "yandex_vpc_subnet.terra_sub"
          ]
        }
      ]
    },
    {
      "mode": "managed",
      "type": "yandex_vpc_address",
      "name": "myip",
      "provider": "provider[\"registry.terraform.io/yandex-cloud/yandex\"]",
      "instances": [
        {
          "schema_version": 0,
          "attributes": {
            "created_at": "2023-10-22T18:34:34Z",
            "deletion_protection": false,
            "description": "",
            "external_ipv4_address": [
              {
                "address": "158.160.24.216",
                "ddos_protection_provider": "",
                "outgoing_smtp_capability": "",
                "zone_id": "ru-central1-b"
              }
            ],
            "folder_id": "b1gc2qgcmi2b4jojgchd",
            "id": "e2lponcv3mop27jervv8",
            "labels": {},
            "name": "exampleAddress",
            "reserved": true,
            "timeouts": null,
            "used": false
          },
          "sensitive_attributes": [],
          "private": "eyJlMmJmYjczMC1lY2FhLTExZTYtOGY4OC0zNDM2M2JjN2M0YzAiOnsiY3JlYXRlIjozMDAwMDAwMDAwMCwiZGVsZXRlIjozMDAwMDAwMDAwMCwidXBkYXRlIjozMDAwMDAwMDAwMH19"
        }
      ]
    },
    {
      "mode": "managed",
      "type": "yandex_vpc_network",
      "name": "terra",
      "provider": "provider[\"registry.terraform.io/yandex-cloud/yandex\"]",
      "instances": [
        {
          "schema_version": 0,
          "attributes": {
            "created_at": "2023-10-22T18:34:33Z",
            "default_security_group_id": "enpenhvdramd3gbo2v7j",
            "description": "",
            "folder_id": "b1gc2qgcmi2b4jojgchd",
            "id": "enppeso631p5ks5vvfje",
            "labels": {},
            "name": "VPC",
            "subnet_ids": [],
            "timeouts": null
          },
          "sensitive_attributes": [],
          "private": "eyJlMmJmYjczMC1lY2FhLTExZTYtOGY4OC0zNDM2M2JjN2M0YzAiOnsiY3JlYXRlIjo2MDAwMDAwMDAwMCwiZGVsZXRlIjo2MDAwMDAwMDAwMCwidXBkYXRlIjo2MDAwMDAwMDAwMH19"
        }
      ]
    },
    {
      "mode": "managed",
      "type": "yandex_vpc_subnet",
      "name": "terra_sub",
      "provider": "provider[\"registry.terraform.io/yandex-cloud/yandex\"]",
      "instances": [
        {
          "schema_version": 0,
          "attributes": {
            "created_at": "2023-10-22T18:34:36Z",
            "description": "",
            "dhcp_options": [],
            "folder_id": "b1gc2qgcmi2b4jojgchd",
            "id": "e2ln68ib2g9s8di31efn",
            "labels": {},
            "name": "my_sub",
            "network_id": "enppeso631p5ks5vvfje",
            "route_table_id": "",
            "timeouts": null,
            "v4_cidr_blocks": [
              "10.2.0.0/16"
            ],
            "v6_cidr_blocks": [],
            "zone": "ru-central1-b"
          },
          "sensitive_attributes": [],
          "private": "eyJlMmJmYjczMC1lY2FhLTExZTYtOGY4OC0zNDM2M2JjN2M0YzAiOnsiY3JlYXRlIjoxODAwMDAwMDAwMDAsImRlbGV0ZSI6MTgwMDAwMDAwMDAwLCJ1cGRhdGUiOjE4MDAwMDAwMDAwMH19",
          "dependencies": [
            "yandex_vpc_network.terra"
          ]
        }
      ]
    }
  ],
  "check_results": null
}
